// !$*UTF8*$!
{
	archiveVersion = 1;
	classes = {
	};
	objectVersion = 50;
	objects = {

/* Begin PBXBuildFile section */
		498FF4DB24594CF200993BB6 /* AppDelegate.swift in Sources */ = {isa = PBXBuildFile; fileRef = 498FF4DA24594CF200993BB6 /* AppDelegate.swift */; };
		498FF4DD24594CF200993BB6 /* SceneDelegate.swift in Sources */ = {isa = PBXBuildFile; fileRef = 498FF4DC24594CF200993BB6 /* SceneDelegate.swift */; };
		498FF4E224594CF200993BB6 /* Main.storyboard in Resources */ = {isa = PBXBuildFile; fileRef = 498FF4E024594CF200993BB6 /* Main.storyboard */; };
		498FF4E424594CF200993BB6 /* Assets.xcassets in Resources */ = {isa = PBXBuildFile; fileRef = 498FF4E324594CF200993BB6 /* Assets.xcassets */; };
		498FF4E724594CF200993BB6 /* LaunchScreen.storyboard in Resources */ = {isa = PBXBuildFile; fileRef = 498FF4E524594CF200993BB6 /* LaunchScreen.storyboard */; };
		498FF4F224594CF300993BB6 /* Wigilabs_testTests.swift in Sources */ = {isa = PBXBuildFile; fileRef = 498FF4F124594CF300993BB6 /* Wigilabs_testTests.swift */; };
		498FF4FD24594CF300993BB6 /* Wigilabs_testUITests.swift in Sources */ = {isa = PBXBuildFile; fileRef = 498FF4FC24594CF300993BB6 /* Wigilabs_testUITests.swift */; };
		498FF50C245951B700993BB6 /* HttpManager.swift in Sources */ = {isa = PBXBuildFile; fileRef = 498FF50B245951B700993BB6 /* HttpManager.swift */; };
		498FF5122459614D00993BB6 /* TabBarWithFloatingButton.swift in Sources */ = {isa = PBXBuildFile; fileRef = 498FF5112459614D00993BB6 /* TabBarWithFloatingButton.swift */; };
		498FF5152459631000993BB6 /* TabBarWithFloatingButtonVC.swift in Sources */ = {isa = PBXBuildFile; fileRef = 498FF5142459631000993BB6 /* TabBarWithFloatingButtonVC.swift */; };
		498FF51A2459651600993BB6 /* UIView.swift in Sources */ = {isa = PBXBuildFile; fileRef = 498FF5192459651600993BB6 /* UIView.swift */; };
		498FF51C2459652700993BB6 /* UIControl.swift in Sources */ = {isa = PBXBuildFile; fileRef = 498FF51B2459652700993BB6 /* UIControl.swift */; };
		498FF51F24596D5900993BB6 /* HomeVC.swift in Sources */ = {isa = PBXBuildFile; fileRef = 498FF51E24596D5900993BB6 /* HomeVC.swift */; };
		498FF52324596E2D00993BB6 /* HomeItemCollectionViewCell.swift in Sources */ = {isa = PBXBuildFile; fileRef = 498FF52124596E2D00993BB6 /* HomeItemCollectionViewCell.swift */; };
		498FF52424596E2D00993BB6 /* HomeItemCollectionViewCell.xib in Resources */ = {isa = PBXBuildFile; fileRef = 498FF52224596E2D00993BB6 /* HomeItemCollectionViewCell.xib */; };
/* End PBXBuildFile section */

/* Begin PBXContainerItemProxy section */
		498FF4EE24594CF300993BB6 /* PBXContainerItemProxy */ = {
			isa = PBXContainerItemProxy;
			containerPortal = 498FF4CF24594CF200993BB6 /* Project object */;
			proxyType = 1;
			remoteGlobalIDString = 498FF4D624594CF200993BB6;
			remoteInfo = "Wigilabs-test";
		};
		498FF4F924594CF300993BB6 /* PBXContainerItemProxy */ = {
			isa = PBXContainerItemProxy;
			containerPortal = 498FF4CF24594CF200993BB6 /* Project object */;
			proxyType = 1;
			remoteGlobalIDString = 498FF4D624594CF200993BB6;
			remoteInfo = "Wigilabs-test";
		};
/* End PBXContainerItemProxy section */

/* Begin PBXFileReference section */
		498FF4D724594CF200993BB6 /* Wigilabs-test.app */ = {isa = PBXFileReference; explicitFileType = wrapper.application; includeInIndex = 0; path = "Wigilabs-test.app"; sourceTree = BUILT_PRODUCTS_DIR; };
		498FF4DA24594CF200993BB6 /* AppDelegate.swift */ = {isa = PBXFileReference; lastKnownFileType = sourcecode.swift; path = AppDelegate.swift; sourceTree = "<group>"; };
		498FF4DC24594CF200993BB6 /* SceneDelegate.swift */ = {isa = PBXFileReference; lastKnownFileType = sourcecode.swift; path = SceneDelegate.swift; sourceTree = "<group>"; };
		498FF4E124594CF200993BB6 /* Base */ = {isa = PBXFileReference; lastKnownFileType = file.storyboard; name = Base; path = Base.lproj/Main.storyboard; sourceTree = "<group>"; };
		498FF4E324594CF200993BB6 /* Assets.xcassets */ = {isa = PBXFileReference; lastKnownFileType = folder.assetcatalog; path = Assets.xcassets; sourceTree = "<group>"; };
		498FF4E624594CF200993BB6 /* Base */ = {isa = PBXFileReference; lastKnownFileType = file.storyboard; name = Base; path = Base.lproj/LaunchScreen.storyboard; sourceTree = "<group>"; };
		498FF4E824594CF200993BB6 /* Info.plist */ = {isa = PBXFileReference; lastKnownFileType = text.plist.xml; path = Info.plist; sourceTree = "<group>"; };
		498FF4ED24594CF300993BB6 /* Wigilabs-testTests.xctest */ = {isa = PBXFileReference; explicitFileType = wrapper.cfbundle; includeInIndex = 0; path = "Wigilabs-testTests.xctest"; sourceTree = BUILT_PRODUCTS_DIR; };
		498FF4F124594CF300993BB6 /* Wigilabs_testTests.swift */ = {isa = PBXFileReference; lastKnownFileType = sourcecode.swift; path = Wigilabs_testTests.swift; sourceTree = "<group>"; };
		498FF4F324594CF300993BB6 /* Info.plist */ = {isa = PBXFileReference; lastKnownFileType = text.plist.xml; path = Info.plist; sourceTree = "<group>"; };
		498FF4F824594CF300993BB6 /* Wigilabs-testUITests.xctest */ = {isa = PBXFileReference; explicitFileType = wrapper.cfbundle; includeInIndex = 0; path = "Wigilabs-testUITests.xctest"; sourceTree = BUILT_PRODUCTS_DIR; };
		498FF4FC24594CF300993BB6 /* Wigilabs_testUITests.swift */ = {isa = PBXFileReference; lastKnownFileType = sourcecode.swift; path = Wigilabs_testUITests.swift; sourceTree = "<group>"; };
		498FF4FE24594CF300993BB6 /* Info.plist */ = {isa = PBXFileReference; lastKnownFileType = text.plist.xml; path = Info.plist; sourceTree = "<group>"; };
		498FF50B245951B700993BB6 /* HttpManager.swift */ = {isa = PBXFileReference; lastKnownFileType = sourcecode.swift; path = HttpManager.swift; sourceTree = "<group>"; };
		498FF5112459614D00993BB6 /* TabBarWithFloatingButton.swift */ = {isa = PBXFileReference; lastKnownFileType = sourcecode.swift; path = TabBarWithFloatingButton.swift; sourceTree = "<group>"; };
		498FF5142459631000993BB6 /* TabBarWithFloatingButtonVC.swift */ = {isa = PBXFileReference; lastKnownFileType = sourcecode.swift; path = TabBarWithFloatingButtonVC.swift; sourceTree = "<group>"; };
		498FF5192459651600993BB6 /* UIView.swift */ = {isa = PBXFileReference; lastKnownFileType = sourcecode.swift; path = UIView.swift; sourceTree = "<group>"; };
		498FF51B2459652700993BB6 /* UIControl.swift */ = {isa = PBXFileReference; lastKnownFileType = sourcecode.swift; path = UIControl.swift; sourceTree = "<group>"; };
		498FF51E24596D5900993BB6 /* HomeVC.swift */ = {isa = PBXFileReference; lastKnownFileType = sourcecode.swift; path = HomeVC.swift; sourceTree = "<group>"; };
		498FF52124596E2D00993BB6 /* HomeItemCollectionViewCell.swift */ = {isa = PBXFileReference; lastKnownFileType = sourcecode.swift; path = HomeItemCollectionViewCell.swift; sourceTree = "<group>"; };
		498FF52224596E2D00993BB6 /* HomeItemCollectionViewCell.xib */ = {isa = PBXFileReference; lastKnownFileType = file.xib; path = HomeItemCollectionViewCell.xib; sourceTree = "<group>"; };
/* End PBXFileReference section */

/* Begin PBXFrameworksBuildPhase section */
		498FF4D424594CF200993BB6 /* Frameworks */ = {
			isa = PBXFrameworksBuildPhase;
			buildActionMask = 2147483647;
			files = (
			);
			runOnlyForDeploymentPostprocessing = 0;
		};
		498FF4EA24594CF300993BB6 /* Frameworks */ = {
			isa = PBXFrameworksBuildPhase;
			buildActionMask = 2147483647;
			files = (
			);
			runOnlyForDeploymentPostprocessing = 0;
		};
		498FF4F524594CF300993BB6 /* Frameworks */ = {
			isa = PBXFrameworksBuildPhase;
			buildActionMask = 2147483647;
			files = (
			);
			runOnlyForDeploymentPostprocessing = 0;
		};
/* End PBXFrameworksBuildPhase section */

/* Begin PBXGroup section */
		498FF4CE24594CF200993BB6 = {
			isa = PBXGroup;
			children = (
				498FF4D924594CF200993BB6 /* Wigilabs-test */,
				498FF4F024594CF300993BB6 /* Wigilabs-testTests */,
				498FF4FB24594CF300993BB6 /* Wigilabs-testUITests */,
				498FF4D824594CF200993BB6 /* Products */,
			);
			sourceTree = "<group>";
		};
		498FF4D824594CF200993BB6 /* Products */ = {
			isa = PBXGroup;
			children = (
				498FF4D724594CF200993BB6 /* Wigilabs-test.app */,
				498FF4ED24594CF300993BB6 /* Wigilabs-testTests.xctest */,
				498FF4F824594CF300993BB6 /* Wigilabs-testUITests.xctest */,
			);
			name = Products;
			sourceTree = "<group>";
		};
		498FF4D924594CF200993BB6 /* Wigilabs-test */ = {
			isa = PBXGroup;
			children = (
				498FF516245964B500993BB6 /* HelperView */,
				498FF50F2459580300993BB6 /* ViewModel */,
				498FF50E245957D400993BB6 /* View */,
				498FF50D245957C400993BB6 /* Model */,
				498FF50A2459513E00993BB6 /* Manager */,
				498FF4DA24594CF200993BB6 /* AppDelegate.swift */,
				498FF4DC24594CF200993BB6 /* SceneDelegate.swift */,
				498FF4E024594CF200993BB6 /* Main.storyboard */,
				498FF4E324594CF200993BB6 /* Assets.xcassets */,
				498FF4E524594CF200993BB6 /* LaunchScreen.storyboard */,
				498FF4E824594CF200993BB6 /* Info.plist */,
			);
			path = "Wigilabs-test";
			sourceTree = "<group>";
		};
		498FF4F024594CF300993BB6 /* Wigilabs-testTests */ = {
			isa = PBXGroup;
			children = (
				498FF4F124594CF300993BB6 /* Wigilabs_testTests.swift */,
				498FF4F324594CF300993BB6 /* Info.plist */,
			);
			path = "Wigilabs-testTests";
			sourceTree = "<group>";
		};
		498FF4FB24594CF300993BB6 /* Wigilabs-testUITests */ = {
			isa = PBXGroup;
			children = (
				498FF4FC24594CF300993BB6 /* Wigilabs_testUITests.swift */,
				498FF4FE24594CF300993BB6 /* Info.plist */,
			);
			path = "Wigilabs-testUITests";
			sourceTree = "<group>";
		};
		498FF50A2459513E00993BB6 /* Manager */ = {
			isa = PBXGroup;
			children = (
				498FF50B245951B700993BB6 /* HttpManager.swift */,
			);
			path = Manager;
			sourceTree = "<group>";
		};
		498FF50D245957C400993BB6 /* Model */ = {
			isa = PBXGroup;
			children = (
			);
			path = Model;
			sourceTree = "<group>";
		};
		498FF50E245957D400993BB6 /* View */ = {
			isa = PBXGroup;
			children = (
				498FF510245960F800993BB6 /* Custom */,
				498FF51D24596D3D00993BB6 /* Home */,
			);
			path = View;
			sourceTree = "<group>";
		};
		498FF50F2459580300993BB6 /* ViewModel */ = {
			isa = PBXGroup;
			children = (
			);
			path = ViewModel;
			sourceTree = "<group>";
		};
		498FF510245960F800993BB6 /* Custom */ = {
			isa = PBXGroup;
			children = (
				498FF513245962D800993BB6 /* TabBar */,
			);
			path = Custom;
			sourceTree = "<group>";
		};
		498FF513245962D800993BB6 /* TabBar */ = {
			isa = PBXGroup;
			children = (
				498FF5112459614D00993BB6 /* TabBarWithFloatingButton.swift */,
				498FF5142459631000993BB6 /* TabBarWithFloatingButtonVC.swift */,
			);
			path = TabBar;
			sourceTree = "<group>";
		};
		498FF516245964B500993BB6 /* HelperView */ = {
			isa = PBXGroup;
			children = (
				498FF5192459651600993BB6 /* UIView.swift */,
				498FF51B2459652700993BB6 /* UIControl.swift */,
			);
			path = HelperView;
			sourceTree = "<group>";
		};
		498FF51D24596D3D00993BB6 /* Home */ = {
			isa = PBXGroup;
			children = (
				498FF52024596DCC00993BB6 /* Cell */,
				498FF51E24596D5900993BB6 /* HomeVC.swift */,
			);
			path = Home;
			sourceTree = "<group>";
		};
		498FF52024596DCC00993BB6 /* Cell */ = {
			isa = PBXGroup;
			children = (
				498FF52124596E2D00993BB6 /* HomeItemCollectionViewCell.swift */,
				498FF52224596E2D00993BB6 /* HomeItemCollectionViewCell.xib */,
			);
			path = Cell;
			sourceTree = "<group>";
		};
/* End PBXGroup section */

/* Begin PBXNativeTarget section */
		498FF4D624594CF200993BB6 /* Wigilabs-test */ = {
			isa = PBXNativeTarget;
			buildConfigurationList = 498FF50124594CF300993BB6 /* Build configuration list for PBXNativeTarget "Wigilabs-test" */;
			buildPhases = (
				498FF4D324594CF200993BB6 /* Sources */,
				498FF4D424594CF200993BB6 /* Frameworks */,
				498FF4D524594CF200993BB6 /* Resources */,
			);
			buildRules = (
			);
			dependencies = (
			);
			name = "Wigilabs-test";
			productName = "Wigilabs-test";
			productReference = 498FF4D724594CF200993BB6 /* Wigilabs-test.app */;
			productType = "com.apple.product-type.application";
		};
		498FF4EC24594CF300993BB6 /* Wigilabs-testTests */ = {
			isa = PBXNativeTarget;
			buildConfigurationList = 498FF50424594CF300993BB6 /* Build configuration list for PBXNativeTarget "Wigilabs-testTests" */;
			buildPhases = (
				498FF4E924594CF300993BB6 /* Sources */,
				498FF4EA24594CF300993BB6 /* Frameworks */,
				498FF4EB24594CF300993BB6 /* Resources */,
			);
			buildRules = (
			);
			dependencies = (
				498FF4EF24594CF300993BB6 /* PBXTargetDependency */,
			);
			name = "Wigilabs-testTests";
			productName = "Wigilabs-testTests";
			productReference = 498FF4ED24594CF300993BB6 /* Wigilabs-testTests.xctest */;
			productType = "com.apple.product-type.bundle.unit-test";
		};
		498FF4F724594CF300993BB6 /* Wigilabs-testUITests */ = {
			isa = PBXNativeTarget;
			buildConfigurationList = 498FF50724594CF300993BB6 /* Build configuration list for PBXNativeTarget "Wigilabs-testUITests" */;
			buildPhases = (
				498FF4F424594CF300993BB6 /* Sources */,
				498FF4F524594CF300993BB6 /* Frameworks */,
				498FF4F624594CF300993BB6 /* Resources */,
			);
			buildRules = (
			);
			dependencies = (
				498FF4FA24594CF300993BB6 /* PBXTargetDependency */,
			);
			name = "Wigilabs-testUITests";
			productName = "Wigilabs-testUITests";
			productReference = 498FF4F824594CF300993BB6 /* Wigilabs-testUITests.xctest */;
			productType = "com.apple.product-type.bundle.ui-testing";
		};
/* End PBXNativeTarget section */

/* Begin PBXProject section */
		498FF4CF24594CF200993BB6 /* Project object */ = {
			isa = PBXProject;
			attributes = {
				LastSwiftUpdateCheck = 1120;
				LastUpgradeCheck = 1120;
				ORGANIZATIONNAME = Jc;
				TargetAttributes = {
					498FF4D624594CF200993BB6 = {
						CreatedOnToolsVersion = 11.2.1;
					};
					498FF4EC24594CF300993BB6 = {
						CreatedOnToolsVersion = 11.2.1;
						TestTargetID = 498FF4D624594CF200993BB6;
					};
					498FF4F724594CF300993BB6 = {
						CreatedOnToolsVersion = 11.2.1;
						TestTargetID = 498FF4D624594CF200993BB6;
					};
				};
			};
			buildConfigurationList = 498FF4D224594CF200993BB6 /* Build configuration list for PBXProject "Wigilabs-test" */;
			compatibilityVersion = "Xcode 9.3";
			developmentRegion = en;
			hasScannedForEncodings = 0;
			knownRegions = (
				en,
				Base,
			);
			mainGroup = 498FF4CE24594CF200993BB6;
			productRefGroup = 498FF4D824594CF200993BB6 /* Products */;
			projectDirPath = "";
			projectRoot = "";
			targets = (
				498FF4D624594CF200993BB6 /* Wigilabs-test */,
				498FF4EC24594CF300993BB6 /* Wigilabs-testTests */,
				498FF4F724594CF300993BB6 /* Wigilabs-testUITests */,
			);
		};
/* End PBXProject section */

/* Begin PBXResourcesBuildPhase section */
		498FF4D524594CF200993BB6 /* Resources */ = {
			isa = PBXResourcesBuildPhase;
			buildActionMask = 2147483647;
			files = (
				498FF4E724594CF200993BB6 /* LaunchScreen.storyboard in Resources */,
				498FF4E424594CF200993BB6 /* Assets.xcassets in Resources */,
				498FF52424596E2D00993BB6 /* HomeItemCollectionViewCell.xib in Resources */,
				498FF4E224594CF200993BB6 /* Main.storyboard in Resources */,
			);
			runOnlyForDeploymentPostprocessing = 0;
		};
		498FF4EB24594CF300993BB6 /* Resources */ = {
			isa = PBXResourcesBuildPhase;
			buildActionMask = 2147483647;
			files = (
			);
			runOnlyForDeploymentPostprocessing = 0;
		};
		498FF4F624594CF300993BB6 /* Resources */ = {
			isa = PBXResourcesBuildPhase;
			buildActionMask = 2147483647;
			files = (
			);
			runOnlyForDeploymentPostprocessing = 0;
		};
/* End PBXResourcesBuildPhase section */

/* Begin PBXSourcesBuildPhase section */
		498FF4D324594CF200993BB6 /* Sources */ = {
			isa = PBXSourcesBuildPhase;
			buildActionMask = 2147483647;
			files = (
				498FF51C2459652700993BB6 /* UIControl.swift in Sources */,
				498FF51F24596D5900993BB6 /* HomeVC.swift in Sources */,
				498FF4DB24594CF200993BB6 /* AppDelegate.swift in Sources */,
				498FF4DD24594CF200993BB6 /* SceneDelegate.swift in Sources */,
				498FF51A2459651600993BB6 /* UIView.swift in Sources */,
				498FF50C245951B700993BB6 /* HttpManager.swift in Sources */,
				498FF5152459631000993BB6 /* TabBarWithFloatingButtonVC.swift in Sources */,
				498FF5122459614D00993BB6 /* TabBarWithFloatingButton.swift in Sources */,
				498FF52324596E2D00993BB6 /* HomeItemCollectionViewCell.swift in Sources */,
			);
			runOnlyForDeploymentPostprocessing = 0;
		};
		498FF4E924594CF300993BB6 /* Sources */ = {
			isa = PBXSourcesBuildPhase;
			buildActionMask = 2147483647;
			files = (
				498FF4F224594CF300993BB6 /* Wigilabs_testTests.swift in Sources */,
			);
			runOnlyForDeploymentPostprocessing = 0;
		};
		498FF4F424594CF300993BB6 /* Sources */ = {
			isa = PBXSourcesBuildPhase;
			buildActionMask = 2147483647;
			files = (
				498FF4FD24594CF300993BB6 /* Wigilabs_testUITests.swift in Sources */,
			);
			runOnlyForDeploymentPostprocessing = 0;
		};
/* End PBXSourcesBuildPhase section */

/* Begin PBXTargetDependency section */
		498FF4EF24594CF300993BB6 /* PBXTargetDependency */ = {
			isa = PBXTargetDependency;
			target = 498FF4D624594CF200993BB6 /* Wigilabs-test */;
			targetProxy = 498FF4EE24594CF300993BB6 /* PBXContainerItemProxy */;
		};
		498FF4FA24594CF300993BB6 /* PBXTargetDependency */ = {
			isa = PBXTargetDependency;
			target = 498FF4D624594CF200993BB6 /* Wigilabs-test */;
			targetProxy = 498FF4F924594CF300993BB6 /* PBXContainerItemProxy */;
		};
/* End PBXTargetDependency section */

/* Begin PBXVariantGroup section */
		498FF4E024594CF200993BB6 /* Main.storyboard */ = {
			isa = PBXVariantGroup;
			children = (
				498FF4E124594CF200993BB6 /* Base */,
			);
			name = Main.storyboard;
			sourceTree = "<group>";
		};
		498FF4E524594CF200993BB6 /* LaunchScreen.storyboard */ = {
			isa = PBXVariantGroup;
			children = (
				498FF4E624594CF200993BB6 /* Base */,
			);
			name = LaunchScreen.storyboard;
			sourceTree = "<group>";
		};
/* End PBXVariantGroup section */

/* Begin XCBuildConfiguration section */
		498FF4FF24594CF300993BB6 /* Debug */ = {
			isa = XCBuildConfiguration;
			buildSettings = {
				ALWAYS_SEARCH_USER_PATHS = NO;
				CLANG_ANALYZER_NONNULL = YES;
				CLANG_ANALYZER_NUMBER_OBJECT_CONVERSION = YES_AGGRESSIVE;
				CLANG_CXX_LANGUAGE_STANDARD = "gnu++14";
				CLANG_CXX_LIBRARY = "libc++";
				CLANG_ENABLE_MODULES = YES;
				CLANG_ENABLE_OBJC_ARC = YES;
				CLANG_ENABLE_OBJC_WEAK = YES;
				CLANG_WARN_BLOCK_CAPTURE_AUTORELEASING = YES;
				CLANG_WARN_BOOL_CONVERSION = YES;
				CLANG_WARN_COMMA = YES;
				CLANG_WARN_CONSTANT_CONVERSION = YES;
				CLANG_WARN_DEPRECATED_OBJC_IMPLEMENTATIONS = YES;
				CLANG_WARN_DIRECT_OBJC_ISA_USAGE = YES_ERROR;
				CLANG_WARN_DOCUMENTATION_COMMENTS = YES;
				CLANG_WARN_EMPTY_BODY = YES;
				CLANG_WARN_ENUM_CONVERSION = YES;
				CLANG_WARN_INFINITE_RECURSION = YES;
				CLANG_WARN_INT_CONVERSION = YES;
				CLANG_WARN_NON_LITERAL_NULL_CONVERSION = YES;
				CLANG_WARN_OBJC_IMPLICIT_RETAIN_SELF = YES;
				CLANG_WARN_OBJC_LITERAL_CONVERSION = YES;
				CLANG_WARN_OBJC_ROOT_CLASS = YES_ERROR;
				CLANG_WARN_RANGE_LOOP_ANALYSIS = YES;
				CLANG_WARN_STRICT_PROTOTYPES = YES;
				CLANG_WARN_SUSPICIOUS_MOVE = YES;
				CLANG_WARN_UNGUARDED_AVAILABILITY = YES_AGGRESSIVE;
				CLANG_WARN_UNREACHABLE_CODE = YES;
				CLANG_WARN__DUPLICATE_METHOD_MATCH = YES;
				COPY_PHASE_STRIP = NO;
				DEBUG_INFORMATION_FORMAT = dwarf;
				ENABLE_STRICT_OBJC_MSGSEND = YES;
				ENABLE_TESTABILITY = YES;
				GCC_C_LANGUAGE_STANDARD = gnu11;
				GCC_DYNAMIC_NO_PIC = NO;
				GCC_NO_COMMON_BLOCKS = YES;
				GCC_OPTIMIZATION_LEVEL = 0;
				GCC_PREPROCESSOR_DEFINITIONS = (
					"DEBUG=1",
					"$(inherited)",
				);
				GCC_WARN_64_TO_32_BIT_CONVERSION = YES;
				GCC_WARN_ABOUT_RETURN_TYPE = YES_ERROR;
				GCC_WARN_UNDECLARED_SELECTOR = YES;
				GCC_WARN_UNINITIALIZED_AUTOS = YES_AGGRESSIVE;
				GCC_WARN_UNUSED_FUNCTION = YES;
				GCC_WARN_UNUSED_VARIABLE = YES;
				IPHONEOS_DEPLOYMENT_TARGET = 13.2;
				MTL_ENABLE_DEBUG_INFO = INCLUDE_SOURCE;
				MTL_FAST_MATH = YES;
				ONLY_ACTIVE_ARCH = YES;
				SDKROOT = iphoneos;
				SWIFT_ACTIVE_COMPILATION_CONDITIONS = DEBUG;
				SWIFT_OPTIMIZATION_LEVEL = "-Onone";
			};
			name = Debug;
		};
		498FF50024594CF300993BB6 /* Release */ = {
			isa = XCBuildConfiguration;
			buildSettings = {
				ALWAYS_SEARCH_USER_PATHS = NO;
				CLANG_ANALYZER_NONNULL = YES;
				CLANG_ANALYZER_NUMBER_OBJECT_CONVERSION = YES_AGGRESSIVE;
				CLANG_CXX_LANGUAGE_STANDARD = "gnu++14";
				CLANG_CXX_LIBRARY = "libc++";
				CLANG_ENABLE_MODULES = YES;
				CLANG_ENABLE_OBJC_ARC = YES;
				CLANG_ENABLE_OBJC_WEAK = YES;
				CLANG_WARN_BLOCK_CAPTURE_AUTORELEASING = YES;
				CLANG_WARN_BOOL_CONVERSION = YES;
				CLANG_WARN_COMMA = YES;
				CLANG_WARN_CONSTANT_CONVERSION = YES;
				CLANG_WARN_DEPRECATED_OBJC_IMPLEMENTATIONS = YES;
				CLANG_WARN_DIRECT_OBJC_ISA_USAGE = YES_ERROR;
				CLANG_WARN_DOCUMENTATION_COMMENTS = YES;
				CLANG_WARN_EMPTY_BODY = YES;
				CLANG_WARN_ENUM_CONVERSION = YES;
				CLANG_WARN_INFINITE_RECURSION = YES;
				CLANG_WARN_INT_CONVERSION = YES;
				CLANG_WARN_NON_LITERAL_NULL_CONVERSION = YES;
				CLANG_WARN_OBJC_IMPLICIT_RETAIN_SELF = YES;
				CLANG_WARN_OBJC_LITERAL_CONVERSION = YES;
				CLANG_WARN_OBJC_ROOT_CLASS = YES_ERROR;
				CLANG_WARN_RANGE_LOOP_ANALYSIS = YES;
				CLANG_WARN_STRICT_PROTOTYPES = YES;
				CLANG_WARN_SUSPICIOUS_MOVE = YES;
				CLANG_WARN_UNGUARDED_AVAILABILITY = YES_AGGRESSIVE;
				CLANG_WARN_UNREACHABLE_CODE = YES;
				CLANG_WARN__DUPLICATE_METHOD_MATCH = YES;
				COPY_PHASE_STRIP = NO;
				DEBUG_INFORMATION_FORMAT = "dwarf-with-dsym";
				ENABLE_NS_ASSERTIONS = NO;
				ENABLE_STRICT_OBJC_MSGSEND = YES;
				GCC_C_LANGUAGE_STANDARD = gnu11;
				GCC_NO_COMMON_BLOCKS = YES;
				GCC_WARN_64_TO_32_BIT_CONVERSION = YES;
				GCC_WARN_ABOUT_RETURN_TYPE = YES_ERROR;
				GCC_WARN_UNDECLARED_SELECTOR = YES;
				GCC_WARN_UNINITIALIZED_AUTOS = YES_AGGRESSIVE;
				GCC_WARN_UNUSED_FUNCTION = YES;
				GCC_WARN_UNUSED_VARIABLE = YES;
				IPHONEOS_DEPLOYMENT_TARGET = 13.2;
				MTL_ENABLE_DEBUG_INFO = NO;
				MTL_FAST_MATH = YES;
				SDKROOT = iphoneos;
				SWIFT_COMPILATION_MODE = wholemodule;
				SWIFT_OPTIMIZATION_LEVEL = "-O";
				VALIDATE_PRODUCT = YES;
			};
			name = Release;
		};
		498FF50224594CF300993BB6 /* Debug */ = {
			isa = XCBuildConfiguration;
			buildSettings = {
				ASSETCATALOG_COMPILER_APPICON_NAME = AppIcon;
				CODE_SIGN_STYLE = Automatic;
				INFOPLIST_FILE = "Wigilabs-test/Info.plist";
				LD_RUNPATH_SEARCH_PATHS = (
					"$(inherited)",
					"@executable_path/Frameworks",
				);
				PRODUCT_BUNDLE_IDENTIFIER = "com.Wigilabs-test";
				PRODUCT_NAME = "$(TARGET_NAME)";
				SWIFT_VERSION = 5.0;
				TARGETED_DEVICE_FAMILY = "1,2";
			};
			name = Debug;
		};
		498FF50324594CF300993BB6 /* Release */ = {
			isa = XCBuildConfiguration;
			buildSettings = {
				ASSETCATALOG_COMPILER_APPICON_NAME = AppIcon;
				CODE_SIGN_STYLE = Automatic;
				INFOPLIST_FILE = "Wigilabs-test/Info.plist";
				LD_RUNPATH_SEARCH_PATHS = (
					"$(inherited)",
					"@executable_path/Frameworks",
				);
				PRODUCT_BUNDLE_IDENTIFIER = "com.Wigilabs-test";
				PRODUCT_NAME = "$(TARGET_NAME)";
				SWIFT_VERSION = 5.0;
				TARGETED_DEVICE_FAMILY = "1,2";
			};
			name = Release;
		};
		498FF50524594CF300993BB6 /* Debug */ = {
			isa = XCBuildConfiguration;
			buildSettings = {
				ALWAYS_EMBED_SWIFT_STANDARD_LIBRARIES = YES;
				BUNDLE_LOADER = "$(TEST_HOST)";
				CODE_SIGN_STYLE = Automatic;
				INFOPLIST_FILE = "Wigilabs-testTests/Info.plist";
				IPHONEOS_DEPLOYMENT_TARGET = 13.2;
				LD_RUNPATH_SEARCH_PATHS = (
					"$(inherited)",
					"@executable_path/Frameworks",
					"@loader_path/Frameworks",
				);
				PRODUCT_BUNDLE_IDENTIFIER = "com.Wigilabs-testTests";
				PRODUCT_NAME = "$(TARGET_NAME)";
				SWIFT_VERSION = 5.0;
				TARGETED_DEVICE_FAMILY = "1,2";
				TEST_HOST = "$(BUILT_PRODUCTS_DIR)/Wigilabs-test.app/Wigilabs-test";
			};
			name = Debug;
		};
		498FF50624594CF300993BB6 /* Release */ = {
			isa = XCBuildConfiguration;
			buildSettings = {
				ALWAYS_EMBED_SWIFT_STANDARD_LIBRARIES = YES;
				BUNDLE_LOADER = "$(TEST_HOST)";
				CODE_SIGN_STYLE = Automatic;
				INFOPLIST_FILE = "Wigilabs-testTests/Info.plist";
				IPHONEOS_DEPLOYMENT_TARGET = 13.2;
				LD_RUNPATH_SEARCH_PATHS = (
					"$(inherited)",
					"@executable_path/Frameworks",
					"@loader_path/Frameworks",
				);
				PRODUCT_BUNDLE_IDENTIFIER = "com.Wigilabs-testTests";
				PRODUCT_NAME = "$(TARGET_NAME)";
				SWIFT_VERSION = 5.0;
				TARGETED_DEVICE_FAMILY = "1,2";
				TEST_HOST = "$(BUILT_PRODUCTS_DIR)/Wigilabs-test.app/Wigilabs-test";
			};
			name = Release;
		};
		498FF50824594CF300993BB6 /* Debug */ = {
			isa = XCBuildConfiguration;
			buildSettings = {
				ALWAYS_EMBED_SWIFT_STANDARD_LIBRARIES = YES;
				CODE_SIGN_STYLE = Automatic;
				INFOPLIST_FILE = "Wigilabs-testUITests/Info.plist";
				LD_RUNPATH_SEARCH_PATHS = (
					"$(inherited)",
					"@executable_path/Frameworks",
					"@loader_path/Frameworks",
				);
				PRODUCT_BUNDLE_IDENTIFIER = "com.Wigilabs-testUITests";
				PRODUCT_NAME = "$(TARGET_NAME)";
				SWIFT_VERSION = 5.0;
				TARGETED_DEVICE_FAMILY = "1,2";
				TEST_TARGET_NAME = "Wigilabs-test";
			};
			name = Debug;
		};
		498FF50924594CF300993BB6 /* Release */ = {
			isa = XCBuildConfiguration;
			buildSettings = {
				ALWAYS_EMBED_SWIFT_STANDARD_LIBRARIES = YES;
				CODE_SIGN_STYLE = Automatic;
				INFOPLIST_FILE = "Wigilabs-testUITests/Info.plist";
				LD_RUNPATH_SEARCH_PATHS = (
					"$(inherited)",
					"@executable_path/Frameworks",
					"@loader_path/Frameworks",
				);
				PRODUCT_BUNDLE_IDENTIFIER = "com.Wigilabs-testUITests";
				PRODUCT_NAME = "$(TARGET_NAME)";
				SWIFT_VERSION = 5.0;
				TARGETED_DEVICE_FAMILY = "1,2";
				TEST_TARGET_NAME = "Wigilabs-test";
			};
			name = Release;
		};
/* End XCBuildConfiguration section */

/* Begin XCConfigurationList section */
		498FF4D224594CF200993BB6 /* Build configuration list for PBXProject "Wigilabs-test" */ = {
			isa = XCConfigurationList;
			buildConfigurations = (
				498FF4FF24594CF300993BB6 /* Debug */,
				498FF50024594CF300993BB6 /* Release */,
			);
			defaultConfigurationIsVisible = 0;
			defaultConfigurationName = Release;
		};
		498FF50124594CF300993BB6 /* Build configuration list for PBXNativeTarget "Wigilabs-test" */ = {
			isa = XCConfigurationList;
			buildConfigurations = (
				498FF50224594CF300993BB6 /* Debug */,
				498FF50324594CF300993BB6 /* Release */,
			);
			defaultConfigurationIsVisible = 0;
			defaultConfigurationName = Release;
		};
		498FF50424594CF300993BB6 /* Build configuration list for PBXNativeTarget "Wigilabs-testTests" */ = {
			isa = XCConfigurationList;
			buildConfigurations = (
				498FF50524594CF300993BB6 /* Debug */,
				498FF50624594CF300993BB6 /* Release */,
			);
			defaultConfigurationIsVisible = 0;
			defaultConfigurationName = Release;
		};
		498FF50724594CF300993BB6 /* Build configuration list for PBXNativeTarget "Wigilabs-testUITests" */ = {
			isa = XCConfigurationList;
			buildConfigurations = (
				498FF50824594CF300993BB6 /* Debug */,
				498FF50924594CF300993BB6 /* Release */,
			);
			defaultConfigurationIsVisible = 0;
			defaultConfigurationName = Release;
		};
/* End XCConfigurationList section */
	};
	rootObject = 498FF4CF24594CF200993BB6 /* Project object */;
}
